
Microsoft Visual Studio Solution File, Format Version 12.00
# Visual Studio 15
VisualStudioVersion = 15.0.28307.106
MinimumVisualStudioVersion = 10.0.40219.1
Project("{F184B08F-C81C-45F6-A57F-5ABD9991F28F}") = "drawpic", "drawpic\drawpic.vbproj", "{84292FF8-7352-4F07-AA1B-5DC6E6D88050}"
EndProject
Global
	GlobalSection(SolutionConfigurationPlatforms) = preSolution
		Debug|Any CPU = Debug|Any CPU
		Release|Any CPU = Release|Any CPU
	EndGlobalSection
	GlobalSection(ProjectConfigurationPlatforms) = postSolution
		{84292FF8-7352-4F07-AA1B-5DC6E6D88050}.Debug|Any CPU.ActiveCfg = Debug|Any CPU
		{84292FF8-7352-4F07-AA1B-5DC6E6D88050}.Debug|Any CPU.Build.0 = Debug|Any CPU
		{84292FF8-7352-4F07-AA1B-5DC6E6D88050}.Release|Any CPU.ActiveCfg = Release|Any CPU
		{84292FF8-7352-4F07-AA1B-5DC6E6D88050}.Release|Any CPU.Build.0 = Release|Any CPU
	EndGlobalSection
	GlobalSection(SolutionProperties) = preSolution
		HideSolutionNode = FALSE
	EndGlobalSection
	GlobalSection(ExtensibilityGlobals) = postSolution
		SolutionGuid = {CAFFF626-0858-4B23-8CA0-1FFC10AAFFC7}
	EndGlobalSection
EndGlobal
